
Microsoft Visual Studio Solution File, Format Version 12.00
# Visual Studio Version 16
VisualStudioVersion = 16.0.29911.84
MinimumVisualStudioVersion = 10.0.40219.1
Project("{FAE04EC0-301F-11D3-BF4B-00C04F79EFBC}") = "QLKho", "QLKho\QLKho.csproj", "{6EF20E84-AF3C-47D1-A580-3660A58A2D43}"
EndProject
Project("{FAE04EC0-301F-11D3-BF4B-00C04F79EFBC}") = "BUS", "BUS\BUS.csproj", "{81317B4E-15D1-4FD0-949F-A7874ADF4BA2}"
EndProject
Project("{FAE04EC0-301F-11D3-BF4B-00C04F79EFBC}") = "DTO", "DTO\DTO.csproj", "{9877649C-F7DE-42B4-A1B4-657414B92077}"
EndProject
Project("{FAE04EC0-301F-11D3-BF4B-00C04F79EFBC}") = "DAL", "DAL\DAL.csproj", "{0E50BCBF-CEB9-4488-9759-494569302800}"
EndProject
Global
	GlobalSection(SolutionConfigurationPlatforms) = preSolution
		Debug|Any CPU = Debug|Any CPU
		Release|Any CPU = Release|Any CPU
	EndGlobalSection
	GlobalSection(ProjectConfigurationPlatforms) = postSolution
		{6EF20E84-AF3C-47D1-A580-3660A58A2D43}.Debug|Any CPU.ActiveCfg = Debug|Any CPU
		{6EF20E84-AF3C-47D1-A580-3660A58A2D43}.Debug|Any CPU.Build.0 = Debug|Any CPU
		{6EF20E84-AF3C-47D1-A580-3660A58A2D43}.Release|Any CPU.ActiveCfg = Release|Any CPU
		{6EF20E84-AF3C-47D1-A580-3660A58A2D43}.Release|Any CPU.Build.0 = Release|Any CPU
		{81317B4E-15D1-4FD0-949F-A7874ADF4BA2}.Debug|Any CPU.ActiveCfg = Debug|Any CPU
		{81317B4E-15D1-4FD0-949F-A7874ADF4BA2}.Debug|Any CPU.Build.0 = Debug|Any CPU
		{81317B4E-15D1-4FD0-949F-A7874ADF4BA2}.Release|Any CPU.ActiveCfg = Release|Any CPU
		{81317B4E-15D1-4FD0-949F-A7874ADF4BA2}.Release|Any CPU.Build.0 = Release|Any CPU
		{9877649C-F7DE-42B4-A1B4-657414B92077}.Debug|Any CPU.ActiveCfg = Debug|Any CPU
		{9877649C-F7DE-42B4-A1B4-657414B92077}.Debug|Any CPU.Build.0 = Debug|Any CPU
		{9877649C-F7DE-42B4-A1B4-657414B92077}.Release|Any CPU.ActiveCfg = Release|Any CPU
		{9877649C-F7DE-42B4-A1B4-657414B92077}.Release|Any CPU.Build.0 = Release|Any CPU
		{0E50BCBF-CEB9-4488-9759-494569302800}.Debug|Any CPU.ActiveCfg = Debug|Any CPU
		{0E50BCBF-CEB9-4488-9759-494569302800}.Debug|Any CPU.Build.0 = Debug|Any CPU
		{0E50BCBF-CEB9-4488-9759-494569302800}.Release|Any CPU.ActiveCfg = Release|Any CPU
		{0E50BCBF-CEB9-4488-9759-494569302800}.Release|Any CPU.Build.0 = Release|Any CPU
	EndGlobalSection
	GlobalSection(SolutionProperties) = preSolution
		HideSolutionNode = FALSE
	EndGlobalSection
	GlobalSection(ExtensibilityGlobals) = postSolution
		SolutionGuid = {3F53091B-C9C3-4F83-A966-E281AE2CA7DA}
	EndGlobalSection
EndGlobal
